# @generated by Move, please check-in and do not edit manually.

[move]
version = 3
manifest_digest = "60FD09BF78360FF412E26C6F264D3DDF4ECDFC6FF36EB0C80B2D6417CC776443"
deps_digest = "F8BBB0CCB2491CA29A3DF03D6F92277A4F3574266507ACD77214D37ECA3F3082"
dependencies = [
  { id = "Sui", name = "Sui" },
]

[[move.package]]
id = "MoveStdlib"
source = { git = "https://github.com/MystenLabs/sui.git", rev = "framework/mainnet", subdir = "crates/sui-framework/packages/move-stdlib" }

[[move.package]]
id = "Sui"
source = { git = "https://github.com/MystenLabs/sui.git", rev = "framework/mainnet", subdir = "crates/sui-framework/packages/sui-framework" }

dependencies = [
  { id = "MoveStdlib", name = "MoveStdlib" },
]

[move.toolchain-version]
compiler-version = "1.56.3"
edition = "2024.beta"
flavor = "sui"

[env]

[env.mainnet]
chain-id = "35834a8a"
original-published-id = "0x8d572055ac7168a40878ca9f90dfec10c11f77da086f215277da52ab06a62952"
latest-published-id = "0x8d572055ac7168a40878ca9f90dfec10c11f77da086f215277da52ab06a62952"
published-version = "1"

[env.testnet]
chain-id = "4c78adac"
original-published-id = "0x3e8f2bc3b4b26be96ef03f30070bbe374891e0a9e8435bb762868a0467999a5e"
latest-published-id = "0x3e8f2bc3b4b26be96ef03f30070bbe374891e0a9e8435bb762868a0467999a5e"
published-version = "1"
