# @generated by Move, please check-in and do not edit manually.

[move]
version = 3
manifest_digest = "753541DB4BF49783160A4E8647BAD86A98095020326B24CCF123CC48EFEDF90D"
deps_digest = "F8BBB0CCB2491CA29A3DF03D6F92277A4F3574266507ACD77214D37ECA3F3082"
dependencies = [
  { id = "Sui", name = "Sui" },
]

[[move.package]]
id = "MoveStdlib"
source = { git = "https://github.com/MystenLabs/sui.git", rev = "framework/mainnet", subdir = "crates/sui-framework/packages/move-stdlib" }

[[move.package]]
id = "Sui"
source = { git = "https://github.com/MystenLabs/sui.git", rev = "framework/mainnet", subdir = "crates/sui-framework/packages/sui-framework" }

dependencies = [
  { id = "MoveStdlib", name = "MoveStdlib" },
]

[move.toolchain-version]
compiler-version = "1.52.0"
edition = "2024.beta"
flavor = "sui"

[env]

[env.mainnet]
chain-id = "35834a8a"
original-published-id = "0x8d572055ac7168a40878ca9f90dfec10c11f77da086f215277da52ab06a62952"
latest-published-id = "0x8d572055ac7168a40878ca9f90dfec10c11f77da086f215277da52ab06a62952"
published-version = "1"

[env.testnet-public]
chain-id = "4c78adac"
original-published-id = "0x4a4da53c3dca9b3dfd30fa92dc0ccdf995b1b689a65c6f7302a583e7c1d28682"
latest-published-id = "0x4a4da53c3dca9b3dfd30fa92dc0ccdf995b1b689a65c6f7302a583e7c1d28682"
published-version = "1"
