# @generated by Move, please check-in and do not edit manually.

[move]
version = 3
manifest_digest = "753541DB4BF49783160A4E8647BAD86A98095020326B24CCF123CC48EFEDF90D"
deps_digest = "F8BBB0CCB2491CA29A3DF03D6F92277A4F3574266507ACD77214D37ECA3F3082"
dependencies = [
  { id = "Sui", name = "Sui" },
]

[[move.package]]
id = "MoveStdlib"
source = { git = "https://github.com/MystenLabs/sui.git", rev = "framework/mainnet", subdir = "crates/sui-framework/packages/move-stdlib" }

[[move.package]]
id = "Sui"
source = { git = "https://github.com/MystenLabs/sui.git", rev = "framework/mainnet", subdir = "crates/sui-framework/packages/sui-framework" }

dependencies = [
  { id = "MoveStdlib", name = "MoveStdlib" },
]

[move.toolchain-version]
compiler-version = "1.48.2"
edition = "2024.beta"
flavor = "sui"

[env]

[env.testnet]
chain-id = "4c78adac"
original-published-id = "0x223caefab4a39c068342b2423cd8fee696975d3c66f484f73f7d7ccea35422d2"
latest-published-id = "0x223caefab4a39c068342b2423cd8fee696975d3c66f484f73f7d7ccea35422d2"
published-version = "1"
