# @generated by Move, please check-in and do not edit manually.

[move]
version = 3
manifest_digest = "932FA99CC3F694D7EC29488A1FD8F92F2F8C59A71CC8E172617160F17540D12B"
deps_digest = "F8BBB0CCB2491CA29A3DF03D6F92277A4F3574266507ACD77214D37ECA3F3082"
dependencies = [
  { id = "Sui", name = "Sui" },
]

[[move.package]]
id = "MoveStdlib"
source = { git = "https://github.com/MystenLabs/sui.git", rev = "framework/testnet", subdir = "crates/sui-framework/packages/move-stdlib" }

[[move.package]]
id = "Sui"
source = { git = "https://github.com/MystenLabs/sui.git", rev = "framework/testnet", subdir = "crates/sui-framework/packages/sui-framework" }

dependencies = [
  { id = "MoveStdlib", name = "MoveStdlib" },
]

[move.toolchain-version]
compiler-version = "1.39.3"
edition = "2024.beta"
flavor = "sui"

[env]

[env.testnet]
chain-id = "4c78adac"
original-published-id = "0x424700ba462a0de73bc4c368a7e9412779f0e5c3dbcd6957948c0a3a8ec3c25c"
latest-published-id = "0x424700ba462a0de73bc4c368a7e9412779f0e5c3dbcd6957948c0a3a8ec3c25c"
published-version = "1"
