# @generated by Move, please check-in and do not edit manually.

[move]
version = 3
manifest_digest = "932FA99CC3F694D7EC29488A1FD8F92F2F8C59A71CC8E172617160F17540D12B"
deps_digest = "F8BBB0CCB2491CA29A3DF03D6F92277A4F3574266507ACD77214D37ECA3F3082"
dependencies = [
  { id = "Sui", name = "Sui" },
]

[[move.package]]
id = "MoveStdlib"
source = { git = "https://github.com/MystenLabs/sui.git", rev = "framework/testnet", subdir = "crates/sui-framework/packages/move-stdlib" }

[[move.package]]
id = "Sui"
source = { git = "https://github.com/MystenLabs/sui.git", rev = "framework/testnet", subdir = "crates/sui-framework/packages/sui-framework" }

dependencies = [
  { id = "MoveStdlib", name = "MoveStdlib" },
]

[move.toolchain-version]
compiler-version = "1.39.3"
edition = "2024.beta"
flavor = "sui"

[env]

[env.testnet]
chain-id = "4c78adac"
original-published-id = "0xb0bad0f71a465ce4da7b0877f81bd8d1a31cd8cf185edf6242549e3407bec5f1"
latest-published-id = "0xb0bad0f71a465ce4da7b0877f81bd8d1a31cd8cf185edf6242549e3407bec5f1"
published-version = "1"
