# @generated by Move, please check-in and do not edit manually.

[move]
version = 3
manifest_digest = "223CE54229359969E5824F7C8A587AA91E95FF950480D60D3F26F7BFCF9DCE56"
deps_digest = "F8BBB0CCB2491CA29A3DF03D6F92277A4F3574266507ACD77214D37ECA3F3082"
dependencies = [
  { id = "Sui", name = "Sui" },
]

[[move.package]]
id = "MoveStdlib"
source = { git = "https://github.com/MystenLabs/sui.git", rev = "framework/testnet", subdir = "crates/sui-framework/packages/move-stdlib" }

[[move.package]]
id = "Sui"
source = { git = "https://github.com/MystenLabs/sui.git", rev = "framework/testnet", subdir = "crates/sui-framework/packages/sui-framework" }

dependencies = [
  { id = "MoveStdlib", name = "MoveStdlib" },
]

[move.toolchain-version]
compiler-version = "1.47.1"
edition = "2024.beta"
flavor = "sui"

[env]

[env.testnet]
chain-id = "4c78adac"
original-published-id = "0x0000000000000000000000000000000000000000000000000000000000000000"
latest-published-id = "0xe4d5d7361f4ebcc4c0c6996a0e72e46c6ffeb88dc6e56c9db762cedf5224222c"
published-version = "6"

[env.testnet-public]
chain-id = "4c78adac"
original-published-id = "0x0000000000000000000000000000000000000000000000000000000000000000"
latest-published-id = "0xd41a69818486e1f09d7ce1a68fd12871ed836935969538cd124175127020f2b8"
published-version = "7"
